
Microsoft Visual Studio Solution File, Format Version 12.00
# Visual Studio Version 17
VisualStudioVersion = 17.6.33712.159
MinimumVisualStudioVersion = 10.0.40219.1
Project("{FAE04EC0-301F-11D3-BF4B-00C04F79EFBC}") = "C#REPOP", "C#REPOP\C#REPOP.csproj", "{F65CD398-607A-4834-B957-3A3A4D69F174}"
EndProject
Global
	GlobalSection(SolutionConfigurationPlatforms) = preSolution
		Debug|Any CPU = Debug|Any CPU
		Release|Any CPU = Release|Any CPU
	EndGlobalSection
	GlobalSection(ProjectConfigurationPlatforms) = postSolution
		{F65CD398-607A-4834-B957-3A3A4D69F174}.Debug|Any CPU.ActiveCfg = Debug|Any CPU
		{F65CD398-607A-4834-B957-3A3A4D69F174}.Debug|Any CPU.Build.0 = Debug|Any CPU
		{F65CD398-607A-4834-B957-3A3A4D69F174}.Release|Any CPU.ActiveCfg = Release|Any CPU
		{F65CD398-607A-4834-B957-3A3A4D69F174}.Release|Any CPU.Build.0 = Release|Any CPU
	EndGlobalSection
	GlobalSection(SolutionProperties) = preSolution
		HideSolutionNode = FALSE
	EndGlobalSection
	GlobalSection(ExtensibilityGlobals) = postSolution
		SolutionGuid = {694EC8A1-16A7-4AD3-A070-EE4B7E801B15}
	EndGlobalSection
EndGlobal
